
Microsoft Visual Studio Solution File, Format Version 12.00
# Visual Studio Version 17
VisualStudioVersion = 17.4.33213.308
MinimumVisualStudioVersion = 10.0.40219.1
Project("{FAE04EC0-301F-11D3-BF4B-00C04F79EFBC}") = "WPF ZooManager-108-1", "WPF ZooManager-108-1\WPF ZooManager-108-1.csproj", "{DBD6EB02-6E14-470F-ADDE-6718960D6183}"
EndProject
Global
	GlobalSection(SolutionConfigurationPlatforms) = preSolution
		Debug|Any CPU = Debug|Any CPU
		Release|Any CPU = Release|Any CPU
	EndGlobalSection
	GlobalSection(ProjectConfigurationPlatforms) = postSolution
		{DBD6EB02-6E14-470F-ADDE-6718960D6183}.Debug|Any CPU.ActiveCfg = Debug|Any CPU
		{DBD6EB02-6E14-470F-ADDE-6718960D6183}.Debug|Any CPU.Build.0 = Debug|Any CPU
		{DBD6EB02-6E14-470F-ADDE-6718960D6183}.Release|Any CPU.ActiveCfg = Release|Any CPU
		{DBD6EB02-6E14-470F-ADDE-6718960D6183}.Release|Any CPU.Build.0 = Release|Any CPU
	EndGlobalSection
	GlobalSection(SolutionProperties) = preSolution
		HideSolutionNode = FALSE
	EndGlobalSection
	GlobalSection(ExtensibilityGlobals) = postSolution
		SolutionGuid = {CD3E72F2-9752-419A-A73E-2E4A4BB7FAF9}
	EndGlobalSection
EndGlobal
